
Microsoft Visual Studio Solution File, Format Version 12.00
# Visual Studio Version 17
VisualStudioVersion = 17.11.35327.3
MinimumVisualStudioVersion = 10.0.40219.1
Project("{FAE04EC0-301F-11D3-BF4B-00C04F79EFBC}") = "Question1", "Question1\Question1.csproj", "{AA2C6FD4-0C54-4222-80FE-3CBDC3AAE2FE}"
EndProject
Global
	GlobalSection(SolutionConfigurationPlatforms) = preSolution
		Debug|Any CPU = Debug|Any CPU
		Release|Any CPU = Release|Any CPU
	EndGlobalSection
	GlobalSection(ProjectConfigurationPlatforms) = postSolution
		{AA2C6FD4-0C54-4222-80FE-3CBDC3AAE2FE}.Debug|Any CPU.ActiveCfg = Debug|Any CPU
		{AA2C6FD4-0C54-4222-80FE-3CBDC3AAE2FE}.Debug|Any CPU.Build.0 = Debug|Any CPU
		{AA2C6FD4-0C54-4222-80FE-3CBDC3AAE2FE}.Release|Any CPU.ActiveCfg = Release|Any CPU
		{AA2C6FD4-0C54-4222-80FE-3CBDC3AAE2FE}.Release|Any CPU.Build.0 = Release|Any CPU
	EndGlobalSection
	GlobalSection(SolutionProperties) = preSolution
		HideSolutionNode = FALSE
	EndGlobalSection
	GlobalSection(ExtensibilityGlobals) = postSolution
		SolutionGuid = {B635250E-F2B6-426E-9923-28E36734CC62}
	EndGlobalSection
EndGlobal
